<?xml version="1.0" encoding="utf-8"?>
<Project ToolsVersion="4.0" xmlns="http://schemas.microsoft.com/developer/msbuild/2003">
  <ItemGroup>
    <Filter Include="Resource Files">
      <UniqueIdentifier>{67DA6AB6-F800-4c08-8B7A-83BB121AAD01}</UniqueIdentifier>
      <Extensions>rc;ico;cur;bmp;dlg;rc2;rct;bin;rgs;gif;jpg;jpeg;jpe;resx;tiff;tif;png;wav;mfcribbon-ms</Extensions>
    </Filter>
    <Filter Include="Feature">
      <UniqueIdentifier>{5dfcaf9c-f072-4043-a1ed-fb4b727744fb}</UniqueIdentifier>
    </Filter>
    <Filter Include="Frame">
      <UniqueIdentifier>{70a1c0b5-2b43-4abf-995f-197b61995cb5}</UniqueIdentifier>
    </Filter>
    <Filter Include="Utilities">
      <UniqueIdentifier>{4a33e383-9dbf-4d02-aeca-186a312a93f8}</UniqueIdentifier>
    </Filter>
    <Filter Include="Source Files">
      <UniqueIdentifier>{4FC737F1-C7A5-4376-A066-2A32D752A2FF}</UniqueIdentifier>
      <Extensions>cpp;c;cc;cxx;c++;cppm;ixx;def;odl;idl;hpj;bat;asm;asmx</Extensions>
    </Filter>
    <Filter Include="Socket">
      <UniqueIdentifier>{7be46362-1eb0-4a82-8884-f569a1fbb245}</UniqueIdentifier>
    </Filter>
  </ItemGroup>
  <ItemGroup>
    <ClCompile Include="Source.cpp">
      <Filter>Source Files</Filter>
    </ClCompile>
    <ClCompile Include="..\Utilities\Logging.cpp">
      <Filter>Utilities</Filter>
    </ClCompile>
    <ClCompile Include="..\Utilities\Timer.cpp">
      <Filter>Utilities</Filter>
    </ClCompile>
    <ClCompile Include="TextField.cpp">
      <Filter>Source Files</Filter>
    </ClCompile>
    <ClCompile Include="Frame\AppFrame.cpp">
      <Filter>Frame</Filter>
    </ClCompile>
    <ClCompile Include="Frame\FindFrame.cpp">
      <Filter>Frame</Filter>
    </ClCompile>
    <ClCompile Include="Frame\GotoFrame.cpp">
      <Filter>Frame</Filter>
    </ClCompile>
    <ClCompile Include="Frame\PreferencesFrame.cpp">
      <Filter>Frame</Filter>
    </ClCompile>
    <ClCompile Include="Frame\StyleFrame.cpp">
      <Filter>Frame</Filter>
    </ClCompile>
    <ClCompile Include="Feature\Image.cpp">
      <Filter>Feature</Filter>
    </ClCompile>
    <ClCompile Include="Feature\Language.cpp">
      <Filter>Feature</Filter>
    </ClCompile>
    <ClCompile Include="Feature\LogGUI.cpp">
      <Filter>Feature</Filter>
    </ClCompile>
    <ClCompile Include="GridField.cpp">
      <Filter>Source Files</Filter>
    </ClCompile>
    <ClCompile Include="Feature\Dictionary.cpp">
      <Filter>Feature</Filter>
    </ClCompile>
    <ClCompile Include="FontEncoding.cpp">
      <Filter>Source Files</Filter>
    </ClCompile>
    <ClCompile Include="Feature\FilehandleGUI.cpp">
      <Filter>Feature</Filter>
    </ClCompile>
    <ClCompile Include="Frame\DictionaryFrame.cpp">
      <Filter>Frame</Filter>
    </ClCompile>
    <ClCompile Include="Feature\AutoThread.cpp">
      <Filter>Feature</Filter>
    </ClCompile>
    <ClCompile Include="Feature\Config.cpp">
      <Filter>Feature</Filter>
    </ClCompile>
    <ClCompile Include="Socket\MemoPacket.cpp">
      <Filter>Socket</Filter>
    </ClCompile>
    <ClCompile Include="Socket\MemoSocket.cpp">
      <Filter>Socket</Filter>
    </ClCompile>
    <ClCompile Include="Frame\ShareFrame.cpp">
      <Filter>Frame</Filter>
    </ClCompile>
    <ClCompile Include="stdafx.cpp">
      <Filter>Source Files</Filter>
    </ClCompile>
  </ItemGroup>
  <ItemGroup>
    <ClInclude Include="..\Utilities\Err.h">
      <Filter>Utilities</Filter>
    </ClInclude>
    <ClInclude Include="..\Utilities\Filestream.h">
      <Filter>Utilities</Filter>
    </ClInclude>
    <ClInclude Include="..\Utilities\Logging.h">
      <Filter>Utilities</Filter>
    </ClInclude>
    <ClInclude Include="..\Utilities\Timer.h">
      <Filter>Utilities</Filter>
    </ClInclude>
    <ClInclude Include="..\Utilities\FindReplace.h">
      <Filter>Utilities</Filter>
    </ClInclude>
    <ClInclude Include="Frame\AppFrame.h">
      <Filter>Frame</Filter>
    </ClInclude>
    <ClInclude Include="Frame\FindFrame.h">
      <Filter>Frame</Filter>
    </ClInclude>
    <ClInclude Include="Frame\GotoFrame.h">
      <Filter>Frame</Filter>
    </ClInclude>
    <ClInclude Include="Frame\PreferencesFrame.h">
      <Filter>Frame</Filter>
    </ClInclude>
    <ClInclude Include="Frame\StyleFrame.h">
      <Filter>Frame</Filter>
    </ClInclude>
    <ClInclude Include="Feature\Image.h">
      <Filter>Feature</Filter>
    </ClInclude>
    <ClInclude Include="Feature\Language.h">
      <Filter>Feature</Filter>
    </ClInclude>
    <ClInclude Include="Feature\LogGUI.h">
      <Filter>Feature</Filter>
    </ClInclude>
    <ClInclude Include="Frame\EventID.h">
      <Filter>Frame</Filter>
    </ClInclude>
    <ClInclude Include="Feature\Dictionary.h">
      <Filter>Feature</Filter>
    </ClInclude>
    <ClInclude Include="..\Utilities\Random.h">
      <Filter>Utilities</Filter>
    </ClInclude>
    <ClInclude Include="Feature\FilehandleGUI.h">
      <Filter>Feature</Filter>
    </ClInclude>
    <ClInclude Include="Frame\DictionaryFrame.h">
      <Filter>Frame</Filter>
    </ClInclude>
    <ClInclude Include="Feature\AutoThread.h">
      <Filter>Feature</Filter>
    </ClInclude>
    <ClInclude Include="Feature\Config.h">
      <Filter>Feature</Filter>
    </ClInclude>
    <ClInclude Include="Socket\MemoPacket.h">
      <Filter>Socket</Filter>
    </ClInclude>
    <ClInclude Include="Socket\MemoSocket.h">
      <Filter>Socket</Filter>
    </ClInclude>
    <ClInclude Include="FontEncoding.h">
      <Filter>Source Files</Filter>
    </ClInclude>
    <ClInclude Include="GridField.h">
      <Filter>Source Files</Filter>
    </ClInclude>
    <ClInclude Include="TextField.h">
      <Filter>Source Files</Filter>
    </ClInclude>
    <ClInclude Include="Frame\ShareFrame.h">
      <Filter>Frame</Filter>
    </ClInclude>
    <ClInclude Include="stdafx.h">
      <Filter>Source Files</Filter>
    </ClInclude>
  </ItemGroup>
  <ItemGroup>
    <ResourceCompile Include="Resource.rc">
      <Filter>Resource Files</Filter>
    </ResourceCompile>
  </ItemGroup>
  <ItemGroup>
    <Image Include="icon\app.ico">
      <Filter>Resource Files</Filter>
    </Image>
    <Image Include="icon\bug.ico">
      <Filter>Resource Files</Filter>
    </Image>
  </ItemGroup>
</Project>